
Microsoft Visual Studio Solution File, Format Version 12.00
# Visual Studio Version 16
VisualStudioVersion = 16.0.29318.209
MinimumVisualStudioVersion = 10.0.40219.1
Project("{9A19103F-16F7-4668-BE54-9A1E7A4F7556}") = "Admin", "Admin\Admin.csproj", "{2B1EFC78-8843-44C4-9CD5-337C216BAE45}"
EndProject
Project("{9A19103F-16F7-4668-BE54-9A1E7A4F7556}") = "Company", "..\Company\Company.csproj", "{C5B8458E-C7C9-42CE-BC74-F8AA08EEB7D3}"
EndProject
Project("{FAE04EC0-301F-11D3-BF4B-00C04F79EFBC}") = "BlazorAppClient.Server", "..\BlazorAppClient\Server\BlazorAppClient.Server.csproj", "{C9219C9E-13DC-4BCB-BB80-66CE6D37D54C}"
EndProject
Project("{FAE04EC0-301F-11D3-BF4B-00C04F79EFBC}") = "BlazorAppClient.Client", "..\BlazorAppClient\Client\BlazorAppClient.Client.csproj", "{4E69193F-408E-4518-86BE-88934E5EC580}"
EndProject
Project("{FAE04EC0-301F-11D3-BF4B-00C04F79EFBC}") = "BlazorAppClient.Shared", "..\BlazorAppClient\Shared\BlazorAppClient.Shared.csproj", "{DC3AD4A4-8EBE-4D76-BE3B-5454F7EE7A33}"
EndProject
Global
	GlobalSection(SolutionConfigurationPlatforms) = preSolution
		Debug|Any CPU = Debug|Any CPU
		Release|Any CPU = Release|Any CPU
	EndGlobalSection
	GlobalSection(ProjectConfigurationPlatforms) = postSolution
		{2B1EFC78-8843-44C4-9CD5-337C216BAE45}.Debug|Any CPU.ActiveCfg = Debug|Any CPU
		{2B1EFC78-8843-44C4-9CD5-337C216BAE45}.Debug|Any CPU.Build.0 = Debug|Any CPU
		{2B1EFC78-8843-44C4-9CD5-337C216BAE45}.Release|Any CPU.ActiveCfg = Release|Any CPU
		{2B1EFC78-8843-44C4-9CD5-337C216BAE45}.Release|Any CPU.Build.0 = Release|Any CPU
		{C5B8458E-C7C9-42CE-BC74-F8AA08EEB7D3}.Debug|Any CPU.ActiveCfg = Debug|Any CPU
		{C5B8458E-C7C9-42CE-BC74-F8AA08EEB7D3}.Debug|Any CPU.Build.0 = Debug|Any CPU
		{C5B8458E-C7C9-42CE-BC74-F8AA08EEB7D3}.Release|Any CPU.ActiveCfg = Release|Any CPU
		{C5B8458E-C7C9-42CE-BC74-F8AA08EEB7D3}.Release|Any CPU.Build.0 = Release|Any CPU
		{C9219C9E-13DC-4BCB-BB80-66CE6D37D54C}.Debug|Any CPU.ActiveCfg = Debug|Any CPU
		{C9219C9E-13DC-4BCB-BB80-66CE6D37D54C}.Debug|Any CPU.Build.0 = Debug|Any CPU
		{C9219C9E-13DC-4BCB-BB80-66CE6D37D54C}.Release|Any CPU.ActiveCfg = Release|Any CPU
		{C9219C9E-13DC-4BCB-BB80-66CE6D37D54C}.Release|Any CPU.Build.0 = Release|Any CPU
		{4E69193F-408E-4518-86BE-88934E5EC580}.Debug|Any CPU.ActiveCfg = Debug|Any CPU
		{4E69193F-408E-4518-86BE-88934E5EC580}.Debug|Any CPU.Build.0 = Debug|Any CPU
		{4E69193F-408E-4518-86BE-88934E5EC580}.Release|Any CPU.ActiveCfg = Release|Any CPU
		{4E69193F-408E-4518-86BE-88934E5EC580}.Release|Any CPU.Build.0 = Release|Any CPU
		{DC3AD4A4-8EBE-4D76-BE3B-5454F7EE7A33}.Debug|Any CPU.ActiveCfg = Debug|Any CPU
		{DC3AD4A4-8EBE-4D76-BE3B-5454F7EE7A33}.Debug|Any CPU.Build.0 = Debug|Any CPU
		{DC3AD4A4-8EBE-4D76-BE3B-5454F7EE7A33}.Release|Any CPU.ActiveCfg = Release|Any CPU
		{DC3AD4A4-8EBE-4D76-BE3B-5454F7EE7A33}.Release|Any CPU.Build.0 = Release|Any CPU
	EndGlobalSection
	GlobalSection(SolutionProperties) = preSolution
		HideSolutionNode = FALSE
	EndGlobalSection
	GlobalSection(ExtensibilityGlobals) = postSolution
		SolutionGuid = {A3389295-A75F-45B1-8F1D-DEA2CD6BEAB8}
	EndGlobalSection
EndGlobal
