
Microsoft Visual Studio Solution File, Format Version 12.00
# Visual Studio Version 16
VisualStudioVersion = 16.0.29318.209
MinimumVisualStudioVersion = 10.0.40219.1
Project("{9A19103F-16F7-4668-BE54-9A1E7A4F7556}") = "Admin", "Admin\Admin.csproj", "{2B1EFC78-8843-44C4-9CD5-337C216BAE45}"
EndProject
Project("{9A19103F-16F7-4668-BE54-9A1E7A4F7556}") = "Company", "..\Company\Company.csproj", "{C5B8458E-C7C9-42CE-BC74-F8AA08EEB7D3}"
EndProject
Project("{FAE04EC0-301F-11D3-BF4B-00C04F79EFBC}") = "Client.Server", "..\Client\Server\Client.Server.csproj", "{FE587B1B-2FD3-4713-A868-AAADFDBEA068}"
EndProject
Project("{FAE04EC0-301F-11D3-BF4B-00C04F79EFBC}") = "Client.Client", "..\Client\Client\Client.Client.csproj", "{D25757FF-252A-41EF-A2DD-851E993F1A85}"
EndProject
Project("{FAE04EC0-301F-11D3-BF4B-00C04F79EFBC}") = "Client.Shared", "..\Client\Shared\Client.Shared.csproj", "{173AF668-89B2-4313-A370-D0F485F8D750}"
EndProject
Global
	GlobalSection(SolutionConfigurationPlatforms) = preSolution
		Debug|Any CPU = Debug|Any CPU
		Release|Any CPU = Release|Any CPU
	EndGlobalSection
	GlobalSection(ProjectConfigurationPlatforms) = postSolution
		{2B1EFC78-8843-44C4-9CD5-337C216BAE45}.Debug|Any CPU.ActiveCfg = Debug|Any CPU
		{2B1EFC78-8843-44C4-9CD5-337C216BAE45}.Debug|Any CPU.Build.0 = Debug|Any CPU
		{2B1EFC78-8843-44C4-9CD5-337C216BAE45}.Release|Any CPU.ActiveCfg = Release|Any CPU
		{2B1EFC78-8843-44C4-9CD5-337C216BAE45}.Release|Any CPU.Build.0 = Release|Any CPU
		{C5B8458E-C7C9-42CE-BC74-F8AA08EEB7D3}.Debug|Any CPU.ActiveCfg = Debug|Any CPU
		{C5B8458E-C7C9-42CE-BC74-F8AA08EEB7D3}.Debug|Any CPU.Build.0 = Debug|Any CPU
		{C5B8458E-C7C9-42CE-BC74-F8AA08EEB7D3}.Release|Any CPU.ActiveCfg = Release|Any CPU
		{C5B8458E-C7C9-42CE-BC74-F8AA08EEB7D3}.Release|Any CPU.Build.0 = Release|Any CPU
		{FE587B1B-2FD3-4713-A868-AAADFDBEA068}.Debug|Any CPU.ActiveCfg = Debug|Any CPU
		{FE587B1B-2FD3-4713-A868-AAADFDBEA068}.Debug|Any CPU.Build.0 = Debug|Any CPU
		{FE587B1B-2FD3-4713-A868-AAADFDBEA068}.Release|Any CPU.ActiveCfg = Release|Any CPU
		{FE587B1B-2FD3-4713-A868-AAADFDBEA068}.Release|Any CPU.Build.0 = Release|Any CPU
		{D25757FF-252A-41EF-A2DD-851E993F1A85}.Debug|Any CPU.ActiveCfg = Debug|Any CPU
		{D25757FF-252A-41EF-A2DD-851E993F1A85}.Debug|Any CPU.Build.0 = Debug|Any CPU
		{D25757FF-252A-41EF-A2DD-851E993F1A85}.Release|Any CPU.ActiveCfg = Release|Any CPU
		{D25757FF-252A-41EF-A2DD-851E993F1A85}.Release|Any CPU.Build.0 = Release|Any CPU
		{173AF668-89B2-4313-A370-D0F485F8D750}.Debug|Any CPU.ActiveCfg = Debug|Any CPU
		{173AF668-89B2-4313-A370-D0F485F8D750}.Debug|Any CPU.Build.0 = Debug|Any CPU
		{173AF668-89B2-4313-A370-D0F485F8D750}.Release|Any CPU.ActiveCfg = Release|Any CPU
		{173AF668-89B2-4313-A370-D0F485F8D750}.Release|Any CPU.Build.0 = Release|Any CPU
	EndGlobalSection
	GlobalSection(SolutionProperties) = preSolution
		HideSolutionNode = FALSE
	EndGlobalSection
	GlobalSection(ExtensibilityGlobals) = postSolution
		SolutionGuid = {A3389295-A75F-45B1-8F1D-DEA2CD6BEAB8}
	EndGlobalSection
EndGlobal
